<?xml version="1.0" encoding="utf-8"?>
<Project ToolsVersion="4.0" xmlns="http://schemas.microsoft.com/developer/msbuild/2003">
  <ItemGroup>
    <Filter Include="Source Files">
      <UniqueIdentifier>{4FC737F1-C7A5-4376-A066-2A32D752A2FF}</UniqueIdentifier>
      <Extensions>cpp;c;cc;cxx;c++;cppm;ixx;def;odl;idl;hpj;bat;asm;asmx</Extensions>
    </Filter>
    <Filter Include="Header Files">
      <UniqueIdentifier>{93995380-89BD-4b04-88EB-625FBE52EBFB}</UniqueIdentifier>
      <Extensions>h;hh;hpp;hxx;h++;hm;inl;inc;ipp;xsd</Extensions>
    </Filter>
    <Filter Include="Resource Files">
      <UniqueIdentifier>{67DA6AB6-F800-4c08-8B7A-83BB121AAD01}</UniqueIdentifier>
      <Extensions>rc;ico;cur;bmp;dlg;rc2;rct;bin;rgs;gif;jpg;jpeg;jpe;resx;tiff;tif;png;wav;mfcribbon-ms</Extensions>
    </Filter>
    <Filter Include="Header Files\Image">
      <UniqueIdentifier>{e8a4ae16-d090-4725-b5fe-e36a9537a155}</UniqueIdentifier>
    </Filter>
    <Filter Include="Header Files\Render Settings">
      <UniqueIdentifier>{ee23fadf-0562-4262-ba99-1fcd732ad016}</UniqueIdentifier>
    </Filter>
    <Filter Include="Header Files\Objects">
      <UniqueIdentifier>{500df3af-14cb-4a4b-98b7-cd6acbe6e7de}</UniqueIdentifier>
    </Filter>
    <Filter Include="Header Files\Renderer">
      <UniqueIdentifier>{b3042ca1-550b-485f-ab68-7af59a380ea6}</UniqueIdentifier>
    </Filter>
    <Filter Include="Header Files\Scene">
      <UniqueIdentifier>{2cb5049c-9a36-4846-88bc-20bbd55bdd4b}</UniqueIdentifier>
    </Filter>
    <Filter Include="Header Files\OpenGL">
      <UniqueIdentifier>{3924ea76-aa7b-4b5f-a0e3-1535ed28fafd}</UniqueIdentifier>
    </Filter>
    <Filter Include="Header Files\OpenGL\GLFW">
      <UniqueIdentifier>{1ed83228-0b42-4190-a191-db6573efb0df}</UniqueIdentifier>
    </Filter>
    <Filter Include="Header Files\OpenGL\Element Buffer">
      <UniqueIdentifier>{ec7f2f43-a0f2-4678-8226-aca7c7f60f5a}</UniqueIdentifier>
    </Filter>
    <Filter Include="Header Files\OpenGL\Shaders">
      <UniqueIdentifier>{a725abcd-3beb-4f0a-881c-26cd2ce75850}</UniqueIdentifier>
    </Filter>
    <Filter Include="Header Files\OpenGL\Texture">
      <UniqueIdentifier>{63ac3375-1aea-4a86-a223-5ef8921d9ca4}</UniqueIdentifier>
    </Filter>
    <Filter Include="Header Files\OpenGL\Vertex Array">
      <UniqueIdentifier>{738691a6-5e75-4622-a8b0-8cfd203bc4e5}</UniqueIdentifier>
    </Filter>
    <Filter Include="Header Files\OpenGL\Vertex Buffer">
      <UniqueIdentifier>{865facd2-b748-4c1d-b897-e54987d7e30b}</UniqueIdentifier>
    </Filter>
    <Filter Include="Header Files\OpenGL\Shaders\Source">
      <UniqueIdentifier>{089f50e1-b50f-45c8-9c07-020934f1971b}</UniqueIdentifier>
    </Filter>
    <Filter Include="Header Files\Simulation">
      <UniqueIdentifier>{60bd73c0-20c8-461d-9cea-ab503b0209c6}</UniqueIdentifier>
    </Filter>
    <Filter Include="Header Files\Simulation\Particles">
      <UniqueIdentifier>{ee148dbc-9ebf-4fc0-b45c-0ff6f644f74f}</UniqueIdentifier>
    </Filter>
    <Filter Include="Resource Files\Models">
      <UniqueIdentifier>{7ae3283d-c410-409f-8ae9-6a81d28f2f9f}</UniqueIdentifier>
    </Filter>
    <Filter Include="Header Files\Objects\Obj Loader">
      <UniqueIdentifier>{b160f1f8-7b7e-4ca5-a710-f34317d23ae6}</UniqueIdentifier>
    </Filter>
  </ItemGroup>
  <ItemGroup>
    <ClInclude Include="RenderKernel.h">
      <Filter>Header Files</Filter>
    </ClInclude>
    <ClInclude Include="Image.h">
      <Filter>Header Files\Image</Filter>
    </ClInclude>
    <ClInclude Include="PPM.h">
      <Filter>Header Files\Image</Filter>
    </ClInclude>
    <ClInclude Include="Settings.h">
      <Filter>Header Files\Render Settings</Filter>
    </ClInclude>
    <ClInclude Include="Camera.h">
      <Filter>Header Files\Objects</Filter>
    </ClInclude>
    <ClInclude Include="CUDAIntersections.h">
      <Filter>Header Files\Objects</Filter>
    </ClInclude>
    <ClInclude Include="CUDAObjects.h">
      <Filter>Header Files\Objects</Filter>
    </ClInclude>
    <ClInclude Include="CUDARay.h">
      <Filter>Header Files\Objects</Filter>
    </ClInclude>
    <ClInclude Include="Light.h">
      <Filter>Header Files\Objects</Filter>
    </ClInclude>
    <ClInclude Include="Material.h">
      <Filter>Header Files\Objects</Filter>
    </ClInclude>
    <ClInclude Include="Renderer.h">
      <Filter>Header Files\Renderer</Filter>
    </ClInclude>
    <ClInclude Include="Scene.h">
      <Filter>Header Files\Scene</Filter>
    </ClInclude>
    <ClInclude Include="CUDAHeaders.h">
      <Filter>Header Files\Render Settings</Filter>
    </ClInclude>
    <ClInclude Include="GLFW.h">
      <Filter>Header Files\OpenGL\GLFW</Filter>
    </ClInclude>
    <ClInclude Include="ElementBuffer.h">
      <Filter>Header Files\OpenGL\Element Buffer</Filter>
    </ClInclude>
    <ClInclude Include="Shader.h">
      <Filter>Header Files\OpenGL\Shaders</Filter>
    </ClInclude>
    <ClInclude Include="Texture.h">
      <Filter>Header Files\OpenGL\Texture</Filter>
    </ClInclude>
    <ClInclude Include="VertexArray.h">
      <Filter>Header Files\OpenGL\Vertex Array</Filter>
    </ClInclude>
    <ClInclude Include="VertexBuffer.h">
      <Filter>Header Files\OpenGL\Vertex Buffer</Filter>
    </ClInclude>
    <ClInclude Include="VertexBufferLayout.h">
      <Filter>Header Files\OpenGL\Vertex Buffer</Filter>
    </ClInclude>
    <ClInclude Include="Particles.h">
      <Filter>Header Files\Simulation\Particles</Filter>
    </ClInclude>
    <ClInclude Include="Simulation.h">
      <Filter>Header Files\Simulation</Filter>
    </ClInclude>
    <ClInclude Include="ObjLoader.h">
      <Filter>Header Files\Objects\Obj Loader</Filter>
    </ClInclude>
  </ItemGroup>
  <ItemGroup>
    <CudaCompile Include="main.cu">
      <Filter>Source Files</Filter>
    </CudaCompile>
  </ItemGroup>
  <ItemGroup>
    <ClCompile Include="GLFW.cpp">
      <Filter>Header Files\OpenGL\GLFW</Filter>
    </ClCompile>
    <ClCompile Include="ElementBuffer.cpp">
      <Filter>Header Files\OpenGL\Element Buffer</Filter>
    </ClCompile>
    <ClCompile Include="Shader.cpp">
      <Filter>Header Files\OpenGL\Shaders</Filter>
    </ClCompile>
    <ClCompile Include="Texture.cpp">
      <Filter>Header Files\OpenGL\Texture</Filter>
    </ClCompile>
    <ClCompile Include="VertexArray.cpp">
      <Filter>Header Files\OpenGL\Vertex Array</Filter>
    </ClCompile>
    <ClCompile Include="VertexBuffer.cpp">
      <Filter>Header Files\OpenGL\Vertex Buffer</Filter>
    </ClCompile>
    <ClCompile Include="glad.c">
      <Filter>Source Files</Filter>
    </ClCompile>
    <ClCompile Include="ObjLoader.cpp">
      <Filter>Header Files\Objects\Obj Loader</Filter>
    </ClCompile>
  </ItemGroup>
  <ItemGroup>
    <None Include="QuadShader.frag">
      <Filter>Header Files\OpenGL\Shaders\Source</Filter>
    </None>
    <None Include="QuadShader.vert">
      <Filter>Header Files\OpenGL\Shaders\Source</Filter>
    </None>
  </ItemGroup>
  <ItemGroup>
    <Object Include="cube.obj">
      <Filter>Resource Files\Models</Filter>
    </Object>
  </ItemGroup>
</Project>